
Microsoft Visual Studio Solution File, Format Version 12.00
# Visual Studio Version 17
VisualStudioVersion = 17.7.34031.279
MinimumVisualStudioVersion = 10.0.40219.1
Project("{9A19103F-16F7-4668-BE54-9A1E7A4F7556}") = "Api", "Api.csproj", "{AF1FF659-0C43-4BCD-9850-B0D7F21052E3}"
EndProject
Project("{9A19103F-16F7-4668-BE54-9A1E7A4F7556}") = "Api.Tests", "Api.Tests\Api.Tests.csproj", "{2E104B1D-71F4-4AB4-BF28-3338D3CB8991}"
EndProject
Project("{2150E333-8FDC-42A3-9474-1A3956D46DE8}") = "Tests", "Tests", "{605E9DDE-A32D-4F65-9905-1EA2D08BD415}"
EndProject
Global
	GlobalSection(SolutionConfigurationPlatforms) = preSolution
		Debug|Any CPU = Debug|Any CPU
		Release|Any CPU = Release|Any CPU
	EndGlobalSection
	GlobalSection(ProjectConfigurationPlatforms) = postSolution
		{AF1FF659-0C43-4BCD-9850-B0D7F21052E3}.Debug|Any CPU.ActiveCfg = Debug|Any CPU
		{AF1FF659-0C43-4BCD-9850-B0D7F21052E3}.Debug|Any CPU.Build.0 = Debug|Any CPU
		{AF1FF659-0C43-4BCD-9850-B0D7F21052E3}.Release|Any CPU.ActiveCfg = Release|Any CPU
		{AF1FF659-0C43-4BCD-9850-B0D7F21052E3}.Release|Any CPU.Build.0 = Release|Any CPU
		{2E104B1D-71F4-4AB4-BF28-3338D3CB8991}.Debug|Any CPU.ActiveCfg = Debug|Any CPU
		{2E104B1D-71F4-4AB4-BF28-3338D3CB8991}.Debug|Any CPU.Build.0 = Debug|Any CPU
		{2E104B1D-71F4-4AB4-BF28-3338D3CB8991}.Release|Any CPU.ActiveCfg = Release|Any CPU
		{2E104B1D-71F4-4AB4-BF28-3338D3CB8991}.Release|Any CPU.Build.0 = Release|Any CPU
	EndGlobalSection
	GlobalSection(SolutionProperties) = preSolution
		HideSolutionNode = FALSE
	EndGlobalSection
	GlobalSection(NestedProjects) = preSolution
		{2E104B1D-71F4-4AB4-BF28-3338D3CB8991} = {605E9DDE-A32D-4F65-9905-1EA2D08BD415}
	EndGlobalSection
	GlobalSection(ExtensibilityGlobals) = postSolution
		SolutionGuid = {123FE408-E921-46CF-9CCA-1A28671E1752}
	EndGlobalSection
EndGlobal
